// !$*UTF8*$!
{
	archiveVersion = 1;
	classes = {
	};
	objectVersion = 46;
	objects = {

/* Begin PBXBuildFile section */
		CF595005ECC0F22F74249AA8 /* uri1021.cpp in Sources */ = {isa = PBXBuildFile; fileRef = CF595F302D364E8A3DCA6122 /* uri1021.cpp */; };
		CF59528CD4248DEC64E23793 /* uva494.cpp in Sources */ = {isa = PBXBuildFile; fileRef = CF59522FFF271E78840A9947 /* uva494.cpp */; };
		CF59528D9029799F92AC5BF9 /* registration.cpp in Sources */ = {isa = PBXBuildFile; fileRef = CF595A7A2EC5285E3EB4F126 /* registration.cpp */; };
		CF5952F935743085A18DDA49 /* cf1A.cpp in Sources */ = {isa = PBXBuildFile; fileRef = CF595F5CF0590F5EA0DD92B1 /* cf1A.cpp */; };
		CF595485FA65DB3F0341A0BB /* SegmentTree.cpp in Sources */ = {isa = PBXBuildFile; fileRef = CF5954D520B7342EE98B1DF1 /* SegmentTree.cpp */; };
		CF59569963A2FFA27276479D /* uri1024.cpp in Sources */ = {isa = PBXBuildFile; fileRef = CF595774FF7D6F5078A798CB /* uri1024.cpp */; };
		CF595732930862E63B9846E9 /* uva11172.cpp in Sources */ = {isa = PBXBuildFile; fileRef = CF59590464E911489B808AA5 /* uva11172.cpp */; };
		CF5957DA299854887D3DF113 /* uva458.cpp in Sources */ = {isa = PBXBuildFile; fileRef = CF59536357DE164FC341D812 /* uva458.cpp */; };
		CF59596EB1EAE4996516FD14 /* ScanTricks.cpp in Sources */ = {isa = PBXBuildFile; fileRef = CF595ABF308D7A07E6FBFE5C /* ScanTricks.cpp */; };
		CF595B96FB701944E137A9E9 /* cf.cpp in Sources */ = {isa = PBXBuildFile; fileRef = CF59509EC392E9E99EB48DC4 /* cf.cpp */; };
		CF595E0507A828BF09A18C23 /* uva11450.cpp in Sources */ = {isa = PBXBuildFile; fileRef = CF595F64A8658489693B4D68 /* uva11450.cpp */; };
		CF595F84AF313A4AFCCFADF9 /* DBOY.cpp in Sources */ = {isa = PBXBuildFile; fileRef = CF59566C498BDAFCBCB8B1D1 /* DBOY.cpp */; };
/* End PBXBuildFile section */

/* Begin PBXCopyFilesBuildPhase section */
		CF5958C495EAFED846450447 /* CopyFiles */ = {
			isa = PBXCopyFilesBuildPhase;
			buildActionMask = 2147483647;
			dstPath = /usr/share/man/man1/;
			dstSubfolderSpec = 0;
			files = (
			);
			runOnlyForDeploymentPostprocessing = 1;
		};
/* End PBXCopyFilesBuildPhase section */

/* Begin PBXFileReference section */
		CF59509EC392E9E99EB48DC4 /* cf.cpp */ = {isa = PBXFileReference; fileEncoding = 4; lastKnownFileType = sourcecode.cpp.cpp; path = cf.cpp; sourceTree = "<group>"; };
		CF59522FFF271E78840A9947 /* uva494.cpp */ = {isa = PBXFileReference; fileEncoding = 4; lastKnownFileType = sourcecode.cpp.cpp; path = uva494.cpp; sourceTree = "<group>"; };
		CF595351E0C56AB73C50EEE3 /* scan.txt */ = {isa = PBXFileReference; fileEncoding = 4; lastKnownFileType = text; path = scan.txt; sourceTree = "<group>"; };
		CF59536357DE164FC341D812 /* uva458.cpp */ = {isa = PBXFileReference; fileEncoding = 4; lastKnownFileType = sourcecode.cpp.cpp; path = uva458.cpp; sourceTree = "<group>"; };
		CF5954D520B7342EE98B1DF1 /* SegmentTree.cpp */ = {isa = PBXFileReference; fileEncoding = 4; lastKnownFileType = sourcecode.cpp.cpp; path = SegmentTree.cpp; sourceTree = "<group>"; };
		CF5954F9F1E9F252B251F4F6 /* DBOY.txt */ = {isa = PBXFileReference; fileEncoding = 4; lastKnownFileType = text; path = DBOY.txt; sourceTree = "<group>"; };
		CF5955A90759EA277370FCBE /* uva494.txt */ = {isa = PBXFileReference; fileEncoding = 4; lastKnownFileType = text; path = uva494.txt; sourceTree = "<group>"; };
		CF5955B7CB55A078737C710F /* registration.txt */ = {isa = PBXFileReference; fileEncoding = 4; lastKnownFileType = text; path = registration.txt; sourceTree = "<group>"; };
		CF5955DBC58FAD4572C95384 /* uva11450.txt */ = {isa = PBXFileReference; fileEncoding = 4; lastKnownFileType = text; path = uva11450.txt; sourceTree = "<group>"; };
		CF59566C498BDAFCBCB8B1D1 /* DBOY.cpp */ = {isa = PBXFileReference; fileEncoding = 4; lastKnownFileType = sourcecode.cpp.cpp; path = DBOY.cpp; sourceTree = "<group>"; };
		CF5956D8CBC7B14043D94A8D /* uva-solutions */ = {isa = PBXFileReference; explicitFileType = "compiled.mach-o.executable"; includeInIndex = 0; path = "uva-solutions"; sourceTree = BUILT_PRODUCTS_DIR; };
		CF59575976DE02E1BEE40EFA /* uri1021.txt */ = {isa = PBXFileReference; fileEncoding = 4; lastKnownFileType = text; path = uri1021.txt; sourceTree = "<group>"; };
		CF595774FF7D6F5078A798CB /* uri1024.cpp */ = {isa = PBXFileReference; fileEncoding = 4; lastKnownFileType = sourcecode.cpp.cpp; path = uri1024.cpp; sourceTree = "<group>"; };
		CF59581887D0E5666169D7B2 /* cf.txt */ = {isa = PBXFileReference; fileEncoding = 4; lastKnownFileType = text; path = cf.txt; sourceTree = "<group>"; };
		CF59590464E911489B808AA5 /* uva11172.cpp */ = {isa = PBXFileReference; fileEncoding = 4; lastKnownFileType = sourcecode.cpp.cpp; path = uva11172.cpp; sourceTree = "<group>"; };
		CF595A7A2EC5285E3EB4F126 /* registration.cpp */ = {isa = PBXFileReference; fileEncoding = 4; lastKnownFileType = sourcecode.cpp.cpp; path = registration.cpp; sourceTree = "<group>"; };
		CF595ABF308D7A07E6FBFE5C /* ScanTricks.cpp */ = {isa = PBXFileReference; fileEncoding = 4; lastKnownFileType = sourcecode.cpp.cpp; path = ScanTricks.cpp; sourceTree = "<group>"; };
		CF595BBE7D2AB87FE0E4932F /* uva11172.txt */ = {isa = PBXFileReference; fileEncoding = 4; lastKnownFileType = text; path = uva11172.txt; sourceTree = "<group>"; };
		CF595CC0F875E3F9B42BCEE4 /* uva458.txt */ = {isa = PBXFileReference; fileEncoding = 4; lastKnownFileType = text; path = uva458.txt; sourceTree = "<group>"; };
		CF595D50260B7CDC6723AC83 /* cf1A.txt */ = {isa = PBXFileReference; fileEncoding = 4; lastKnownFileType = text; path = cf1A.txt; sourceTree = "<group>"; };
		CF595F302D364E8A3DCA6122 /* uri1021.cpp */ = {isa = PBXFileReference; fileEncoding = 4; lastKnownFileType = sourcecode.cpp.cpp; path = uri1021.cpp; sourceTree = "<group>"; };
		CF595F5CF0590F5EA0DD92B1 /* cf1A.cpp */ = {isa = PBXFileReference; fileEncoding = 4; lastKnownFileType = sourcecode.cpp.cpp; path = cf1A.cpp; sourceTree = "<group>"; };
		CF595F64A8658489693B4D68 /* uva11450.cpp */ = {isa = PBXFileReference; fileEncoding = 4; lastKnownFileType = sourcecode.cpp.cpp; path = uva11450.cpp; sourceTree = "<group>"; };
		CF595FFF3A1A105A22D40E5E /* uri1024.txt */ = {isa = PBXFileReference; fileEncoding = 4; lastKnownFileType = text; path = uri1024.txt; sourceTree = "<group>"; };
/* End PBXFileReference section */

/* Begin PBXFrameworksBuildPhase section */
		CF595ADD6C287AB0AE2EC8A8 /* Frameworks */ = {
			isa = PBXFrameworksBuildPhase;
			buildActionMask = 2147483647;
			files = (
			);
			runOnlyForDeploymentPostprocessing = 0;
		};
/* End PBXFrameworksBuildPhase section */

/* Begin PBXGroup section */
		CF59553995CA3F3AE8E821D4 = {
			isa = PBXGroup;
			children = (
				CF595C0A3DCAA5EB415B623E /* Products */,
				CF5958A53687B6908BC54D90 /* uva-solutions */,
			);
			sourceTree = "<group>";
		};
		CF5958A53687B6908BC54D90 /* uva-solutions */ = {
			isa = PBXGroup;
			children = (
				CF59536357DE164FC341D812 /* uva458.cpp */,
				CF595CC0F875E3F9B42BCEE4 /* uva458.txt */,
				CF59590464E911489B808AA5 /* uva11172.cpp */,
				CF595BBE7D2AB87FE0E4932F /* uva11172.txt */,
				CF59522FFF271E78840A9947 /* uva494.cpp */,
				CF5955A90759EA277370FCBE /* uva494.txt */,
				CF595ABF308D7A07E6FBFE5C /* ScanTricks.cpp */,
				CF595351E0C56AB73C50EEE3 /* scan.txt */,
				CF59509EC392E9E99EB48DC4 /* cf.cpp */,
				CF59581887D0E5666169D7B2 /* cf.txt */,
				CF595A7A2EC5285E3EB4F126 /* registration.cpp */,
				CF5955B7CB55A078737C710F /* registration.txt */,
				CF595F302D364E8A3DCA6122 /* uri1021.cpp */,
				CF59575976DE02E1BEE40EFA /* uri1021.txt */,
				CF595F5CF0590F5EA0DD92B1 /* cf1A.cpp */,
				CF595D50260B7CDC6723AC83 /* cf1A.txt */,
				CF5954D520B7342EE98B1DF1 /* SegmentTree.cpp */,
				CF595774FF7D6F5078A798CB /* uri1024.cpp */,
				CF595FFF3A1A105A22D40E5E /* uri1024.txt */,
				CF595F64A8658489693B4D68 /* uva11450.cpp */,
				CF5955DBC58FAD4572C95384 /* uva11450.txt */,
				CF59566C498BDAFCBCB8B1D1 /* DBOY.cpp */,
				CF5954F9F1E9F252B251F4F6 /* DBOY.txt */,
			);
			path = "uva-solutions";
			sourceTree = "<group>";
		};
		CF595C0A3DCAA5EB415B623E /* Products */ = {
			isa = PBXGroup;
			children = (
				CF5956D8CBC7B14043D94A8D /* uva-solutions */,
			);
			name = Products;
			sourceTree = "<group>";
		};
/* End PBXGroup section */

/* Begin PBXNativeTarget section */
		CF595498E86EA3B4FB825734 /* uva-solutions */ = {
			isa = PBXNativeTarget;
			buildConfigurationList = CF595F7A3DB4CF93116AAA2A /* Build configuration list for PBXNativeTarget "uva-solutions" */;
			buildPhases = (
				CF5954684362F1FC6748D88F /* Sources */,
				CF595ADD6C287AB0AE2EC8A8 /* Frameworks */,
				CF5958C495EAFED846450447 /* CopyFiles */,
			);
			buildRules = (
			);
			dependencies = (
			);
			name = "uva-solutions";
			productName = "uva-solutions";
			productReference = CF5956D8CBC7B14043D94A8D /* uva-solutions */;
			productType = "com.apple.product-type.tool";
		};
/* End PBXNativeTarget section */

/* Begin PBXProject section */
		CF595851C65A725B5BB03F52 /* Project object */ = {
			isa = PBXProject;
			attributes = {
				ORGANIZATIONNAME = "Vishal Patel";
			};
			buildConfigurationList = CF5958A789E589215B0E2196 /* Build configuration list for PBXProject "uva-solutions" */;
			compatibilityVersion = "Xcode 3.2";
			developmentRegion = English;
			hasScannedForEncodings = 0;
			knownRegions = (
				en,
			);
			mainGroup = CF59553995CA3F3AE8E821D4;
			productRefGroup = CF595C0A3DCAA5EB415B623E /* Products */;
			projectDirPath = "";
			projectRoot = "";
			targets = (
				CF595498E86EA3B4FB825734 /* uva-solutions */,
			);
		};
/* End PBXProject section */

/* Begin PBXSourcesBuildPhase section */
		CF5954684362F1FC6748D88F /* Sources */ = {
			isa = PBXSourcesBuildPhase;
			buildActionMask = 2147483647;
			files = (
				CF5957DA299854887D3DF113 /* uva458.cpp in Sources */,
				CF595732930862E63B9846E9 /* uva11172.cpp in Sources */,
				CF59528CD4248DEC64E23793 /* uva494.cpp in Sources */,
				CF59596EB1EAE4996516FD14 /* ScanTricks.cpp in Sources */,
				CF595B96FB701944E137A9E9 /* cf.cpp in Sources */,
				CF59528D9029799F92AC5BF9 /* registration.cpp in Sources */,
				CF595005ECC0F22F74249AA8 /* uri1021.cpp in Sources */,
				CF5952F935743085A18DDA49 /* cf1A.cpp in Sources */,
				CF595485FA65DB3F0341A0BB /* SegmentTree.cpp in Sources */,
				CF59569963A2FFA27276479D /* uri1024.cpp in Sources */,
				CF595E0507A828BF09A18C23 /* uva11450.cpp in Sources */,
				CF595F84AF313A4AFCCFADF9 /* DBOY.cpp in Sources */,
			);
			runOnlyForDeploymentPostprocessing = 0;
		};
/* End PBXSourcesBuildPhase section */

/* Begin XCBuildConfiguration section */
		CF5952141D7CEF4AE07C44BA /* Release */ = {
			isa = XCBuildConfiguration;
			buildSettings = {
				GCC_WARN_UNUSED_VALUE = NO;
				PRODUCT_NAME = "$(TARGET_NAME)";
			};
			name = Release;
		};
		CF595BB44D3D484180603732 /* Debug */ = {
			isa = XCBuildConfiguration;
			buildSettings = {
				ALWAYS_SEARCH_USER_PATHS = NO;
				CLANG_CXX_LANGUAGE_STANDARD = "gnu++0x";
				CLANG_CXX_LIBRARY = "libc++";
				CLANG_ENABLE_MODULES = YES;
				CLANG_ENABLE_OBJC_ARC = YES;
				CLANG_WARN_BOOL_CONVERSION = YES;
				CLANG_WARN_CONSTANT_CONVERSION = YES;
				CLANG_WARN_DIRECT_OBJC_ISA_USAGE = YES_ERROR;
				CLANG_WARN_EMPTY_BODY = YES;
				CLANG_WARN_ENUM_CONVERSION = YES;
				CLANG_WARN_INT_CONVERSION = YES;
				CLANG_WARN_OBJC_ROOT_CLASS = YES_ERROR;
				CLANG_WARN_UNREACHABLE_CODE = YES;
				CLANG_WARN__DUPLICATE_METHOD_MATCH = YES;
				COPY_PHASE_STRIP = NO;
				DEBUG_INFORMATION_FORMAT = dwarf;
				ENABLE_STRICT_OBJC_MSGSEND = YES;
				GCC_C_LANGUAGE_STANDARD = gnu99;
				GCC_DYNAMIC_NO_PIC = NO;
				GCC_NO_COMMON_BLOCKS = YES;
				GCC_OPTIMIZATION_LEVEL = 0;
				GCC_PREPROCESSOR_DEFINITIONS = (
					"DEBUG=1",
					"$(inherited)",
				);
				GCC_SYMBOLS_PRIVATE_EXTERN = NO;
				GCC_WARN_64_TO_32_BIT_CONVERSION = YES;
				GCC_WARN_ABOUT_RETURN_TYPE = YES_ERROR;
				GCC_WARN_UNDECLARED_SELECTOR = YES;
				GCC_WARN_UNINITIALIZED_AUTOS = YES_AGGRESSIVE;
				GCC_WARN_UNUSED_FUNCTION = NO;
				GCC_WARN_UNUSED_VARIABLE = NO;
				MACOSX_DEPLOYMENT_TARGET = 10.10;
				MTL_ENABLE_DEBUG_INFO = YES;
				ONLY_ACTIVE_ARCH = YES;
				SDKROOT = macosx;
			};
			name = Debug;
		};
		CF595C7F111530FA5EB6E177 /* Release */ = {
			isa = XCBuildConfiguration;
			buildSettings = {
				ALWAYS_SEARCH_USER_PATHS = NO;
				CLANG_CXX_LANGUAGE_STANDARD = "gnu++0x";
				CLANG_CXX_LIBRARY = "libc++";
				CLANG_ENABLE_MODULES = YES;
				CLANG_ENABLE_OBJC_ARC = YES;
				CLANG_WARN_BOOL_CONVERSION = YES;
				CLANG_WARN_CONSTANT_CONVERSION = YES;
				CLANG_WARN_DIRECT_OBJC_ISA_USAGE = YES_ERROR;
				CLANG_WARN_EMPTY_BODY = YES;
				CLANG_WARN_ENUM_CONVERSION = YES;
				CLANG_WARN_INT_CONVERSION = YES;
				CLANG_WARN_OBJC_ROOT_CLASS = YES_ERROR;
				CLANG_WARN_UNREACHABLE_CODE = YES;
				CLANG_WARN__DUPLICATE_METHOD_MATCH = YES;
				COPY_PHASE_STRIP = NO;
				DEBUG_INFORMATION_FORMAT = "dwarf-with-dsym";
				ENABLE_NS_ASSERTIONS = NO;
				ENABLE_STRICT_OBJC_MSGSEND = YES;
				GCC_C_LANGUAGE_STANDARD = gnu99;
				GCC_NO_COMMON_BLOCKS = YES;
				GCC_WARN_64_TO_32_BIT_CONVERSION = YES;
				GCC_WARN_ABOUT_RETURN_TYPE = YES_ERROR;
				GCC_WARN_UNDECLARED_SELECTOR = YES;
				GCC_WARN_UNINITIALIZED_AUTOS = YES_AGGRESSIVE;
				GCC_WARN_UNUSED_FUNCTION = NO;
				GCC_WARN_UNUSED_VARIABLE = NO;
				MACOSX_DEPLOYMENT_TARGET = 10.10;
				MTL_ENABLE_DEBUG_INFO = NO;
				SDKROOT = macosx;
			};
			name = Release;
		};
		CF595F819FC2525B8750E39D /* Debug */ = {
			isa = XCBuildConfiguration;
			buildSettings = {
				GCC_WARN_UNUSED_VALUE = NO;
				PRODUCT_NAME = "$(TARGET_NAME)";
			};
			name = Debug;
		};
/* End XCBuildConfiguration section */

/* Begin XCConfigurationList section */
		CF5958A789E589215B0E2196 /* Build configuration list for PBXProject "uva-solutions" */ = {
			isa = XCConfigurationList;
			buildConfigurations = (
				CF595BB44D3D484180603732 /* Debug */,
				CF595C7F111530FA5EB6E177 /* Release */,
			);
			defaultConfigurationIsVisible = 0;
			defaultConfigurationName = Release;
		};
		CF595F7A3DB4CF93116AAA2A /* Build configuration list for PBXNativeTarget "uva-solutions" */ = {
			isa = XCConfigurationList;
			buildConfigurations = (
				CF595F819FC2525B8750E39D /* Debug */,
				CF5952141D7CEF4AE07C44BA /* Release */,
			);
			defaultConfigurationIsVisible = 0;
			defaultConfigurationName = Release;
		};
/* End XCConfigurationList section */
	};
	rootObject = CF595851C65A725B5BB03F52 /* Project object */;
}
